<?xml version="1.0" encoding="utf-8"?>
<Project ToolsVersion="4.0" xmlns="http://schemas.microsoft.com/developer/msbuild/2003">
  <ItemGroup>
    <Filter Include="Texture">
      <UniqueIdentifier>{c82e7fb9-29f7-4d45-bbd3-4f9e4e711bf6}</UniqueIdentifier>
    </Filter>
    <Filter Include="Scene">
      <UniqueIdentifier>{07b99388-aaa9-4b6f-afd7-74bb6c02322b}</UniqueIdentifier>
    </Filter>
    <Filter Include="GameObject">
      <UniqueIdentifier>{8ca85b68-bdab-4c73-9f5b-2f1353ab79e6}</UniqueIdentifier>
    </Filter>
    <Filter Include="Component">
      <UniqueIdentifier>{bbd383ed-dc02-4e36-a0dc-9981d706ad10}</UniqueIdentifier>
    </Filter>
    <Filter Include="Lib">
      <UniqueIdentifier>{9e576362-dfec-47dc-a23e-edae3800e429}</UniqueIdentifier>
    </Filter>
    <Filter Include="Component\Mesh">
      <UniqueIdentifier>{1b8ffbc5-dc60-4a07-9e65-dd48a6108dc5}</UniqueIdentifier>
    </Filter>
    <Filter Include="GameObject\Cursor">
      <UniqueIdentifier>{bda8052a-9916-4274-b18c-0a5a529b869a}</UniqueIdentifier>
    </Filter>
    <Filter Include="GameObject\Camera">
      <UniqueIdentifier>{df649d77-5659-4738-9597-cb084172f1aa}</UniqueIdentifier>
    </Filter>
    <Filter Include="Lib\MainGame">
      <UniqueIdentifier>{c38811bd-fff9-4046-a675-91418121ce87}</UniqueIdentifier>
    </Filter>
    <Filter Include="Lib\Manager">
      <UniqueIdentifier>{ed27685c-7f77-443b-85ef-797bca8acdf2}</UniqueIdentifier>
    </Filter>
    <Filter Include="Component\Animation">
      <UniqueIdentifier>{8f5f6826-86f7-4bed-9621-98d62a4610b2}</UniqueIdentifier>
    </Filter>
    <Filter Include="GameObject\Character">
      <UniqueIdentifier>{546cea1a-63df-4d3e-8e04-dab3bba8ded0}</UniqueIdentifier>
    </Filter>
    <Filter Include="GameObject\UI">
      <UniqueIdentifier>{ada1f413-2b4a-4d3c-aad1-eb43b9b3577e}</UniqueIdentifier>
    </Filter>
    <Filter Include="GameObject\SkyBox">
      <UniqueIdentifier>{c45ec730-8842-4b52-b2c8-607d5b9417df}</UniqueIdentifier>
    </Filter>
    <Filter Include="Network">
      <UniqueIdentifier>{02e7ca7e-8b76-4a8a-9a01-564058887fbb}</UniqueIdentifier>
    </Filter>
    <Filter Include="GameObject\Environment">
      <UniqueIdentifier>{a176ddbd-cd5b-4d71-a544-2ec14d3fe4ae}</UniqueIdentifier>
    </Filter>
    <Filter Include="GameObject\Effect">
      <UniqueIdentifier>{536fc900-1ad6-4253-bbff-285b3ca01986}</UniqueIdentifier>
    </Filter>
    <Filter Include="Skill">
      <UniqueIdentifier>{25eb1bf5-7678-4757-8542-c5077d41c44d}</UniqueIdentifier>
    </Filter>
    <Filter Include="GameObject\Bullet">
      <UniqueIdentifier>{12c4a537-8f1a-43a6-9b8f-0c68ba484bca}</UniqueIdentifier>
    </Filter>
    <Filter Include="GameObject\Player">
      <UniqueIdentifier>{6153c3d4-0c12-477a-8c69-b42253cec822}</UniqueIdentifier>
    </Filter>
    <Filter Include="GameObject\Character\Grass">
      <UniqueIdentifier>{4da60952-2158-4fcf-9ab0-87f6932dedeb}</UniqueIdentifier>
    </Filter>
    <Filter Include="GameObject\Character\Fire">
      <UniqueIdentifier>{32cbb9d9-7020-4bea-8075-b3b204793e34}</UniqueIdentifier>
    </Filter>
    <Filter Include="GameObject\Character\Water">
      <UniqueIdentifier>{dffce21b-ad76-4c78-9e5c-009717ea29d4}</UniqueIdentifier>
    </Filter>
    <Filter Include="GameObject\Character\Grass\012. Butterfree">
      <UniqueIdentifier>{ef0ff37d-f6cf-4f7e-b8f6-0645ea50599c}</UniqueIdentifier>
    </Filter>
    <Filter Include="GameObject\Character\Grass\001. Bulbasaur">
      <UniqueIdentifier>{10e73d65-cd20-4912-92aa-65e1378c27cb}</UniqueIdentifier>
    </Filter>
    <Filter Include="GameObject\Character\Grass\002. Ivysaur">
      <UniqueIdentifier>{00e3f5ea-520e-4bc7-a162-6c469bf73599}</UniqueIdentifier>
    </Filter>
    <Filter Include="GameObject\Character\Grass\003. Venusaur">
      <UniqueIdentifier>{3df0be3c-6df4-4b7e-8f92-0a092e019945}</UniqueIdentifier>
    </Filter>
    <Filter Include="GameObject\Character\Grass\010. Caterpie">
      <UniqueIdentifier>{13d4a3d3-0222-4574-8396-2b6f56202f65}</UniqueIdentifier>
    </Filter>
    <Filter Include="GameObject\Character\Grass\011. Metapod">
      <UniqueIdentifier>{d50efe8f-b659-42b1-abb6-24e5ae820696}</UniqueIdentifier>
    </Filter>
    <Filter Include="GameObject\Character\Grass\043. Oddish">
      <UniqueIdentifier>{b571dcdf-42cd-460d-84ab-a4213e4f1060}</UniqueIdentifier>
    </Filter>
    <Filter Include="GameObject\Character\Grass\045. Vileplume">
      <UniqueIdentifier>{966c5e15-7b6c-4770-afb7-173b152c21d5}</UniqueIdentifier>
    </Filter>
    <Filter Include="GameObject\Character\Grass\123. Scyther">
      <UniqueIdentifier>{e1c9d9a0-d35b-421e-bdae-59f63d3afe9c}</UniqueIdentifier>
    </Filter>
    <Filter Include="GameObject\Character\Water\054. Psyduck">
      <UniqueIdentifier>{c0a40435-7510-4030-ba9e-9ddf15af22aa}</UniqueIdentifier>
    </Filter>
    <Filter Include="GameObject\Character\Water\055. Golduck">
      <UniqueIdentifier>{8931e04c-4fbd-4ab9-80ed-ac846b12a6db}</UniqueIdentifier>
    </Filter>
    <Filter Include="GameObject\Character\Water\124. Jynx">
      <UniqueIdentifier>{374ce593-baa8-457c-8c5a-e490e3405eec}</UniqueIdentifier>
    </Filter>
    <Filter Include="GameObject\Character\Water\060. Poliwag">
      <UniqueIdentifier>{7c567cef-2979-49ea-ba7f-560bcb453624}</UniqueIdentifier>
    </Filter>
    <Filter Include="GameObject\Character\Water\062. Poliwrath">
      <UniqueIdentifier>{0adcb93a-0e76-4acc-895f-0e23729a37de}</UniqueIdentifier>
    </Filter>
    <Filter Include="GameObject\Character\Water\245. Suicune">
      <UniqueIdentifier>{2650b669-b83b-4afb-8512-42d50e7f26f6}</UniqueIdentifier>
    </Filter>
    <Filter Include="GameObject\Character\Water\007. Squirtle">
      <UniqueIdentifier>{3b095f08-f28e-4651-b0e0-a780465b03c8}</UniqueIdentifier>
    </Filter>
    <Filter Include="GameObject\Character\Water\008. Wartortle">
      <UniqueIdentifier>{8ff14e03-73b7-4053-bb37-60f75c37f774}</UniqueIdentifier>
    </Filter>
    <Filter Include="GameObject\Character\Water\009. Blastoise">
      <UniqueIdentifier>{76e1c684-e1c7-408d-80d2-b090fc20ac78}</UniqueIdentifier>
    </Filter>
    <Filter Include="GameObject\Character\Fire\006. Charizard">
      <UniqueIdentifier>{8ef955cd-69df-497a-bb1c-75a25a6d162c}</UniqueIdentifier>
    </Filter>
    <Filter Include="GameObject\Character\Fire\004. Charmander">
      <UniqueIdentifier>{c18641b1-3a32-4f39-937c-d9aae4a2ec9d}</UniqueIdentifier>
    </Filter>
    <Filter Include="GameObject\Character\Fire\005. Charmeleon">
      <UniqueIdentifier>{a16ccc9d-2861-4d48-8d99-a3cda2510173}</UniqueIdentifier>
    </Filter>
    <Filter Include="99. Defaults">
      <UniqueIdentifier>{b8a71775-02dc-4334-a429-7a0840044527}</UniqueIdentifier>
    </Filter>
    <Filter Include="Component\Transform">
      <UniqueIdentifier>{6256dccd-0b4d-4f31-b432-2a6b3d8573e5}</UniqueIdentifier>
    </Filter>
    <Filter Include="GameObject\RenderFilter">
      <UniqueIdentifier>{f1531dbf-fa98-4ec3-81b4-47d32da7fc0e}</UniqueIdentifier>
    </Filter>
    <Filter Include="GameObject\Character\Fire\058. Growlithe">
      <UniqueIdentifier>{9b1d9c71-a726-460b-a379-4d95b79a534a}</UniqueIdentifier>
    </Filter>
    <Filter Include="GameObject\Character\Fire\059. Arcanine">
      <UniqueIdentifier>{b27e912c-7059-4098-aded-3dea96bd211f}</UniqueIdentifier>
    </Filter>
    <Filter Include="GameObject\Character\Fire\077. Ponyta">
      <UniqueIdentifier>{6ad2d381-fcd3-4dbf-8c30-37f46569e9eb}</UniqueIdentifier>
    </Filter>
    <Filter Include="GameObject\Character\Fire\219. Magcargo">
      <UniqueIdentifier>{3ea8b267-29c5-482c-bd74-16a2e520299d}</UniqueIdentifier>
    </Filter>
    <Filter Include="GameObject\Character\Fire\218. Slugma">
      <UniqueIdentifier>{f887f94b-dc5d-496a-a2e6-1dfd7aa57af4}</UniqueIdentifier>
    </Filter>
    <Filter Include="GameObject\Character\Fire\383. Groudon">
      <UniqueIdentifier>{d2ef0d26-b20b-4b72-ab8f-eaf43bf4bbb1}</UniqueIdentifier>
    </Filter>
    <Filter Include="Scene\Grass">
      <UniqueIdentifier>{cd873795-b497-4b85-a05a-908e1ed6f053}</UniqueIdentifier>
    </Filter>
    <Filter Include="Scene\Water">
      <UniqueIdentifier>{73603fd7-ee4d-492c-815d-15c7fef1b80d}</UniqueIdentifier>
    </Filter>
    <Filter Include="Scene\Fire">
      <UniqueIdentifier>{a10e632d-a347-44a3-8e7f-06942716b4c2}</UniqueIdentifier>
    </Filter>
    <Filter Include="GameObject\Character\Grass\251. Celebi">
      <UniqueIdentifier>{d0b18ac2-5cdd-4300-a5d7-a294e35eb6dd}</UniqueIdentifier>
    </Filter>
    <Filter Include="Skill\04. Blaze">
      <UniqueIdentifier>{26aae199-57ad-4c31-b63c-308ca6046004}</UniqueIdentifier>
    </Filter>
    <Filter Include="Component\AI">
      <UniqueIdentifier>{b8a3617e-caf2-4354-8871-6cc77514c547}</UniqueIdentifier>
    </Filter>
    <Filter Include="Skill\05. Tornado">
      <UniqueIdentifier>{67c06006-08cf-4dc5-8b4d-3548aa5ef332}</UniqueIdentifier>
    </Filter>
    <Filter Include="GameObject\Decoration">
      <UniqueIdentifier>{bbef4f73-09be-45f5-b416-9aec63c17d97}</UniqueIdentifier>
    </Filter>
    <Filter Include="GameObject\TriggerBox">
      <UniqueIdentifier>{99faca5d-c3cc-4633-b888-2e9e507f37f9}</UniqueIdentifier>
    </Filter>
    <Filter Include="GameObject\Bullet\Ice">
      <UniqueIdentifier>{5221dc8a-9908-4013-a712-44f4348d9622}</UniqueIdentifier>
    </Filter>
    <Filter Include="GameObject\Character\Grass\045. Gloom">
      <UniqueIdentifier>{33ed4623-5da2-4221-83fc-bf69cfc9fd9d}</UniqueIdentifier>
    </Filter>
    <Filter Include="GameObject\Character\Water\061. Poliwhirl">
      <UniqueIdentifier>{613c516a-9f51-4adf-a784-5cd2f3539012}</UniqueIdentifier>
    </Filter>
    <Filter Include="GameObject\Character\Fire\078. Rapidash">
      <UniqueIdentifier>{e048e76e-e5c2-493e-9120-897858fb2c35}</UniqueIdentifier>
    </Filter>
    <Filter Include="Skill\01. LeafShot">
      <UniqueIdentifier>{df5f8ce9-0544-4767-a4db-865dea6e665b}</UniqueIdentifier>
    </Filter>
    <Filter Include="Skill\07. TearsShot">
      <UniqueIdentifier>{81d9c23a-cc97-4844-9713-0ae9a925e7f4}</UniqueIdentifier>
    </Filter>
    <Filter Include="Skill\08. CrossShot">
      <UniqueIdentifier>{b463ac2b-b423-4ed4-abce-b9ff8ca27bcc}</UniqueIdentifier>
    </Filter>
    <Filter Include="Skill\09. XShot">
      <UniqueIdentifier>{5b4ffe65-4202-4a82-adbf-7b618bb7a7cc}</UniqueIdentifier>
    </Filter>
    <Filter Include="Skill\10. WebShot">
      <UniqueIdentifier>{f0430313-9fda-48a2-812d-617d7c27149f}</UniqueIdentifier>
    </Filter>
    <Filter Include="Skill\02. FireBall">
      <UniqueIdentifier>{7041047e-6889-43f5-a4b3-635da4801ddb}</UniqueIdentifier>
    </Filter>
    <Filter Include="Skill\03. WaterCannon">
      <UniqueIdentifier>{cb469c62-f0c3-4d83-9afc-7b662589cf87}</UniqueIdentifier>
    </Filter>
    <Filter Include="Skill\12. SnowVulcan">
      <UniqueIdentifier>{d345ee3b-9153-4084-8809-dfe302fe0137}</UniqueIdentifier>
    </Filter>
    <Filter Include="Skill\13. SnowFall">
      <UniqueIdentifier>{7effe3ea-1df9-4550-8b95-aa3f6592ec3f}</UniqueIdentifier>
    </Filter>
    <Filter Include="Skill\14. SnowCrystal">
      <UniqueIdentifier>{f85aedca-35bc-4532-9922-a97f39220b56}</UniqueIdentifier>
    </Filter>
    <Filter Include="Skill\11. SnowRain">
      <UniqueIdentifier>{22410907-ae42-4ea7-b6ba-ee6e858408af}</UniqueIdentifier>
    </Filter>
    <Filter Include="Skill\15. BubbleShot">
      <UniqueIdentifier>{47c0363f-5c86-4b55-9316-dc8e6749477b}</UniqueIdentifier>
    </Filter>
    <Filter Include="Skill\16. AccelWater">
      <UniqueIdentifier>{e6678694-e2c9-4b2b-9198-a2b088f9ed25}</UniqueIdentifier>
    </Filter>
    <Filter Include="Skill\17. XClaw">
      <UniqueIdentifier>{676bdeaf-20a2-4b6d-a303-21a6ddc84732}</UniqueIdentifier>
    </Filter>
    <Filter Include="Skill\18. HealBubble">
      <UniqueIdentifier>{b72bab92-34d1-4778-b35b-4c86d402cc6b}</UniqueIdentifier>
    </Filter>
    <Filter Include="Skill\99. Manager">
      <UniqueIdentifier>{6f38078a-14a4-4e94-a0eb-008cda0dca41}</UniqueIdentifier>
    </Filter>
    <Filter Include="Skill\06. Rush">
      <UniqueIdentifier>{fed63ff8-dbeb-4eea-a584-147beba4b895}</UniqueIdentifier>
    </Filter>
    <Filter Include="GameObject\Bullet\04. Blaze">
      <UniqueIdentifier>{9e7a670f-1de0-46d3-82e1-3f7b7a2b10d4}</UniqueIdentifier>
    </Filter>
    <Filter Include="GameObject\Bullet\15. Bubble">
      <UniqueIdentifier>{c2ce21e4-56d7-4ecd-9dc6-564ec7d91161}</UniqueIdentifier>
    </Filter>
    <Filter Include="GameObject\Bullet\18. HealBubble">
      <UniqueIdentifier>{9f2439a2-a512-4533-a02c-6d4764fd626a}</UniqueIdentifier>
    </Filter>
    <Filter Include="GameObject\Bullet\01~03.PlayerBullet">
      <UniqueIdentifier>{1034c00c-59ab-4cb2-99c5-8b001bff4706}</UniqueIdentifier>
    </Filter>
    <Filter Include="GameObject\Bullet\08~09. Poison">
      <UniqueIdentifier>{6c02274a-a07a-4f67-92ae-bfb884740f31}</UniqueIdentifier>
    </Filter>
    <Filter Include="GameObject\Bullet\07. Tears">
      <UniqueIdentifier>{337e1a05-9639-4d4b-a30b-c67c6f0627ef}</UniqueIdentifier>
    </Filter>
    <Filter Include="GameObject\Bullet\05. Tornado">
      <UniqueIdentifier>{f34c9f34-416f-4fbb-9357-41495437e3eb}</UniqueIdentifier>
    </Filter>
    <Filter Include="GameObject\Bullet\17. XClaw">
      <UniqueIdentifier>{49aaf383-193e-4fc4-8432-3dc289d1f415}</UniqueIdentifier>
    </Filter>
    <Filter Include="GameObject\Bullet\10. Web">
      <UniqueIdentifier>{4ff5d99c-65e4-463e-9e7b-8afb8e87b9d7}</UniqueIdentifier>
    </Filter>
    <Filter Include="Skill\19. Meteor">
      <UniqueIdentifier>{b804921a-3ab6-456d-9085-b4e7ba9dff93}</UniqueIdentifier>
    </Filter>
    <Filter Include="GameObject\Bullet\19. Meteor">
      <UniqueIdentifier>{237af1d9-788f-4919-b8b8-e27c85671e0b}</UniqueIdentifier>
    </Filter>
    <Filter Include="Skill\20. Quake">
      <UniqueIdentifier>{b7154b03-61c3-4cea-8b5c-5b4a3d493b59}</UniqueIdentifier>
    </Filter>
    <Filter Include="Skill\21. FireWallWave">
      <UniqueIdentifier>{d193034f-029b-4051-937f-57cfb49cf5b3}</UniqueIdentifier>
    </Filter>
    <Filter Include="Skill\22. FireBlast">
      <UniqueIdentifier>{d2e14425-c240-4489-a501-0c046d58f847}</UniqueIdentifier>
    </Filter>
    <Filter Include="Skill\23. ReverseHealBubble">
      <UniqueIdentifier>{39ad2458-ef27-49a1-ac4f-905febb243e3}</UniqueIdentifier>
    </Filter>
    <Filter Include="Skill\24. MiniRush">
      <UniqueIdentifier>{a1fd4d47-f1ea-47cf-9918-0c83cedae1a5}</UniqueIdentifier>
    </Filter>
    <Filter Include="GameObject\Bullet\20. Quake">
      <UniqueIdentifier>{1b662fd9-7fb6-4dbf-92bf-b44e1aff0908}</UniqueIdentifier>
    </Filter>
    <Filter Include="GameObject\Bullet\21. FireWallWave">
      <UniqueIdentifier>{4d78e804-c4ae-453f-8e58-97e872ecb6a4}</UniqueIdentifier>
    </Filter>
    <Filter Include="GameObject\Bullet\22. FireBlast">
      <UniqueIdentifier>{8ca0c28c-6130-4fc2-a0dc-a350104771f8}</UniqueIdentifier>
    </Filter>
    <Filter Include="GameObject\Bullet\23. ReverseHealBubble">
      <UniqueIdentifier>{8146c74c-f813-40a6-95b0-ff205c8a1e04}</UniqueIdentifier>
    </Filter>
    <Filter Include="Skill\26. WaterBomb">
      <UniqueIdentifier>{1613d427-78a2-40b5-9825-4efe8c2ccb11}</UniqueIdentifier>
    </Filter>
    <Filter Include="Skill\25. WaterFlow">
      <UniqueIdentifier>{e0a537f3-684b-445b-abce-e7a960f04d78}</UniqueIdentifier>
    </Filter>
    <Filter Include="Skill\27. Tsunami">
      <UniqueIdentifier>{9072ccb6-f0e7-405c-93f0-7c4176401096}</UniqueIdentifier>
    </Filter>
    <Filter Include="Skill\29. LeechSeed">
      <UniqueIdentifier>{c4e64acd-8a87-4e30-8a74-f959eee17b78}</UniqueIdentifier>
    </Filter>
    <Filter Include="Skill\30. PetalBlizzard">
      <UniqueIdentifier>{7dcf1191-a3a3-4bc2-9944-870a08beae95}</UniqueIdentifier>
    </Filter>
    <Filter Include="GameObject\Bullet\25. WaterFlow">
      <UniqueIdentifier>{b226fdad-4917-4503-8c05-959a6671a04f}</UniqueIdentifier>
    </Filter>
    <Filter Include="GameObject\Bullet\26. WaterBomb">
      <UniqueIdentifier>{9a5868b9-4951-4520-8830-ed876a07586e}</UniqueIdentifier>
    </Filter>
    <Filter Include="GameObject\Bullet\27. Tsunami">
      <UniqueIdentifier>{9c26223c-213f-4834-9203-c9e81fb8e49c}</UniqueIdentifier>
    </Filter>
    <Filter Include="Skill\28. ShellAttack">
      <UniqueIdentifier>{42f25280-a000-420a-b57c-6bd5095661c6}</UniqueIdentifier>
    </Filter>
    <Filter Include="Skill\31. ClawBlast">
      <UniqueIdentifier>{63818515-97db-4f8e-ae31-0cd6283daef9}</UniqueIdentifier>
    </Filter>
    <Filter Include="GameObject\Bullet\29. LeechSeed">
      <UniqueIdentifier>{7443025d-fb6a-4e25-ae17-77ad6f8ace65}</UniqueIdentifier>
    </Filter>
    <Filter Include="GameObject\Bullet\30. PetalBlizzard">
      <UniqueIdentifier>{5b432562-dfac-4ecd-a511-a5dcde9fdd3a}</UniqueIdentifier>
    </Filter>
    <Filter Include="GameObject\Bullet\31. ShortWaterFlow">
      <UniqueIdentifier>{155a97fb-5437-40af-a15e-83d6f6231338}</UniqueIdentifier>
    </Filter>
    <Filter Include="GameObject\Bullet\33. FireBomb">
      <UniqueIdentifier>{571fbd82-ef58-4dc0-88bd-794e03940429}</UniqueIdentifier>
    </Filter>
    <Filter Include="Skill\34. FireShot">
      <UniqueIdentifier>{538e38d6-2b1e-465c-b793-ea5135c4e630}</UniqueIdentifier>
    </Filter>
    <Filter Include="GameObject\Bullet\34. FireShot">
      <UniqueIdentifier>{f13e72d7-90d5-4e8e-ab98-2d32c8d2cc1d}</UniqueIdentifier>
    </Filter>
    <Filter Include="Skill\33. FireBomb">
      <UniqueIdentifier>{fbd275ec-48e5-4bd3-a6f3-8aca58e6df87}</UniqueIdentifier>
    </Filter>
    <Filter Include="Skill\36. FireXCrossBomb">
      <UniqueIdentifier>{09ed3d4f-f40e-4d70-ac31-235ccd74c949}</UniqueIdentifier>
    </Filter>
    <Filter Include="GameObject\Bullet\36. FireMiniBomb">
      <UniqueIdentifier>{6721b102-67c3-4b66-8554-62b34eae55d9}</UniqueIdentifier>
    </Filter>
    <Filter Include="Skill\32. Synthesis">
      <UniqueIdentifier>{64a231de-af14-477c-a071-918c67d91b34}</UniqueIdentifier>
    </Filter>
    <Filter Include="GameObject\Bullet\32.Synthesis">
      <UniqueIdentifier>{09c67295-fa7a-440f-808a-153f6420556a}</UniqueIdentifier>
    </Filter>
    <Filter Include="GameObject\Item">
      <UniqueIdentifier>{58f3ad62-8bb2-456a-b47f-4de7029f0af7}</UniqueIdentifier>
    </Filter>
    <Filter Include="GameObject\UI\Inventory">
      <UniqueIdentifier>{3c5e9bdc-0eba-4712-912a-e5e5f9c2101e}</UniqueIdentifier>
    </Filter>
    <Filter Include="Scene\Town">
      <UniqueIdentifier>{d9a58f50-b148-4bf6-b72c-d158905237b6}</UniqueIdentifier>
    </Filter>
    <Filter Include="GameObject\Spawner">
      <UniqueIdentifier>{fbff778b-b05e-473c-8cea-783ded935b12}</UniqueIdentifier>
    </Filter>
    <Filter Include="Skill\35. RedBall">
      <UniqueIdentifier>{4b941a07-20dd-4d00-95bd-b79a65e48c80}</UniqueIdentifier>
    </Filter>
    <Filter Include="GameObject\Bullet\35. RedBall">
      <UniqueIdentifier>{5a138a24-2621-4399-aaeb-5016ce076ef2}</UniqueIdentifier>
    </Filter>
    <Filter Include="GameObject\Bullet\37. Explosion">
      <UniqueIdentifier>{82747b9e-7fd5-47d8-a52f-4a7b577958f7}</UniqueIdentifier>
    </Filter>
    <Filter Include="Skill\37. Explosion">
      <UniqueIdentifier>{5c40e4bc-d283-4022-b94a-474f4deaa842}</UniqueIdentifier>
    </Filter>
    <Filter Include="GameObject\Character\Ditto">
      <UniqueIdentifier>{6180d2cf-b356-4130-a263-73d47bda2e17}</UniqueIdentifier>
    </Filter>
    <Filter Include="GameObject\Coin">
      <UniqueIdentifier>{171594f3-c03f-46bf-8207-4864a611f35f}</UniqueIdentifier>
    </Filter>
    <Filter Include="Scene\Tutorial">
      <UniqueIdentifier>{e269b504-dc5f-428e-a595-a97fad94177f}</UniqueIdentifier>
    </Filter>
    <Filter Include="Quest">
      <UniqueIdentifier>{f5730c3c-e9f2-445b-a3a3-24b080ef8f9b}</UniqueIdentifier>
    </Filter>
    <Filter Include="GameObject\NPC">
      <UniqueIdentifier>{e53f4130-c552-4c4f-9f0f-c1029b9f541e}</UniqueIdentifier>
    </Filter>
    <Filter Include="Scene\Opening">
      <UniqueIdentifier>{0e88b12c-e762-4d1c-bb88-e137a6b864bd}</UniqueIdentifier>
    </Filter>
  </ItemGroup>
  <ItemGroup>
    <ClInclude Include="CollisionManager.h">
      <Filter>Lib\Manager</Filter>
    </ClInclude>
    <ClInclude Include="D2DRenderManager.h">
      <Filter>Lib\Manager</Filter>
    </ClInclude>
    <ClInclude Include="FileManager.h">
      <Filter>Lib\Manager</Filter>
    </ClInclude>
    <ClInclude Include="InputManager.h">
      <Filter>Lib\Manager</Filter>
    </ClInclude>
    <ClInclude Include="ObjectManager.h">
      <Filter>Lib\Manager</Filter>
    </ClInclude>
    <ClInclude Include="SceneManager.h">
      <Filter>Lib\Manager</Filter>
    </ClInclude>
    <ClInclude Include="TimeManager.h">
      <Filter>Lib\Manager</Filter>
    </ClInclude>
    <ClInclude Include="Vector3.h">
      <Filter>Lib</Filter>
    </ClInclude>
    <ClInclude Include="Point.h">
      <Filter>Lib</Filter>
    </ClInclude>
    <ClInclude Include="MemoryPool.h">
      <Filter>Lib</Filter>
    </ClInclude>
    <ClInclude Include="MainGame.h">
      <Filter>Lib\MainGame</Filter>
    </ClInclude>
    <ClInclude Include="TestScene.h">
      <Filter>Scene</Filter>
    </ClInclude>
    <ClInclude Include="IScene.h">
      <Filter>Scene</Filter>
    </ClInclude>
    <ClInclude Include="SoundManager.h">
      <Filter>Lib\Manager</Filter>
    </ClInclude>
    <ClInclude Include="GameObject.h">
      <Filter>GameObject</Filter>
    </ClInclude>
    <ClInclude Include="Camera.h">
      <Filter>GameObject\Camera</Filter>
    </ClInclude>
    <ClInclude Include="Vertex.h">
      <Filter>Lib</Filter>
    </ClInclude>
    <ClInclude Include="Color.h">
      <Filter>Lib</Filter>
    </ClInclude>
    <ClInclude Include="Mesh.h">
      <Filter>Component\Mesh</Filter>
    </ClInclude>
    <ClInclude Include="Triangle.h">
      <Filter>Component\Mesh</Filter>
    </ClInclude>
    <ClInclude Include="Rectangle.h">
      <Filter>Component\Mesh</Filter>
    </ClInclude>
    <ClInclude Include="IComponent.h">
      <Filter>Component</Filter>
    </ClInclude>
    <ClInclude Include="Cube.h">
      <Filter>Component\Mesh</Filter>
    </ClInclude>
    <ClInclude Include="Quaternion.h">
      <Filter>Lib</Filter>
    </ClInclude>
    <ClInclude Include="Matrix.h">
      <Filter>Lib</Filter>
    </ClInclude>
    <ClInclude Include="Cursor.h">
      <Filter>GameObject\Cursor</Filter>
    </ClInclude>
    <ClInclude Include="Random.h">
      <Filter>Lib</Filter>
    </ClInclude>
    <ClInclude Include="Plane.h">
      <Filter>Component\Mesh</Filter>
    </ClInclude>
    <ClInclude Include="Terrain.h">
      <Filter>Component\Mesh</Filter>
    </ClInclude>
    <ClInclude Include="Functions.h">
      <Filter>Lib</Filter>
    </ClInclude>
    <ClInclude Include="Animation2D.h">
      <Filter>Component\Animation</Filter>
    </ClInclude>
    <ClInclude Include="Character.h">
      <Filter>GameObject\Character</Filter>
    </ClInclude>
    <ClInclude Include="UI.h">
      <Filter>GameObject\UI</Filter>
    </ClInclude>
    <ClInclude Include="Player.h">
      <Filter>GameObject\Player</Filter>
    </ClInclude>
    <ClInclude Include="SkyBox.h">
      <Filter>GameObject\SkyBox</Filter>
    </ClInclude>
    <ClInclude Include="CubeMan.h">
      <Filter>GameObject</Filter>
    </ClInclude>
    <ClInclude Include="Bullet.h">
      <Filter>GameObject\Bullet</Filter>
    </ClInclude>
    <ClInclude Include="TitleScene.h">
      <Filter>Scene</Filter>
    </ClInclude>
    <ClInclude Include="Bulbasaur.h">
      <Filter>GameObject\Character\Grass\001. Bulbasaur</Filter>
    </ClInclude>
    <ClInclude Include="UI_Title.h">
      <Filter>GameObject\UI</Filter>
    </ClInclude>
    <ClInclude Include="Network.h">
      <Filter>Network</Filter>
    </ClInclude>
    <ClInclude Include="CPacket.h">
      <Filter>Network</Filter>
    </ClInclude>
    <ClInclude Include="CRingBuffer.h">
      <Filter>Network</Filter>
    </ClInclude>
    <ClInclude Include="Protocol.h">
      <Filter>Network</Filter>
    </ClInclude>
    <ClInclude Include="Ivysaur.h">
      <Filter>GameObject\Character\Grass\002. Ivysaur</Filter>
    </ClInclude>
    <ClInclude Include="Venusaur.h">
      <Filter>GameObject\Character\Grass\003. Venusaur</Filter>
    </ClInclude>
    <ClInclude Include="Debug.h">
      <Filter>Lib</Filter>
    </ClInclude>
    <ClInclude Include="LobbyWindow.h">
      <Filter>Lib\MainGame</Filter>
    </ClInclude>
    <ClInclude Include="Charmander.h">
      <Filter>GameObject\Character\Fire\004. Charmander</Filter>
    </ClInclude>
    <ClInclude Include="TestMultiScene.h">
      <Filter>Scene</Filter>
    </ClInclude>
    <ClInclude Include="Environment.h">
      <Filter>GameObject\Environment</Filter>
    </ClInclude>
    <ClInclude Include="Effect.h">
      <Filter>GameObject\Effect</Filter>
    </ClInclude>
    <ClInclude Include="Water.h">
      <Filter>GameObject\Environment</Filter>
    </ClInclude>
    <ClInclude Include="Skill.h">
      <Filter>Skill</Filter>
    </ClInclude>
    <ClInclude Include="SkillManager.h">
      <Filter>Skill\99. Manager</Filter>
    </ClInclude>
    <ClInclude Include="SkillName.h">
      <Filter>Skill</Filter>
    </ClInclude>
    <ClInclude Include="AllSkills.h">
      <Filter>Skill</Filter>
    </ClInclude>
    <ClInclude Include="Butterfree.h">
      <Filter>GameObject\Character\Grass\012. Butterfree</Filter>
    </ClInclude>
    <ClInclude Include="Caterpie.h">
      <Filter>GameObject\Character\Grass\010. Caterpie</Filter>
    </ClInclude>
    <ClInclude Include="Metapod.h">
      <Filter>GameObject\Character\Grass\011. Metapod</Filter>
    </ClInclude>
    <ClInclude Include="Oddish.h">
      <Filter>GameObject\Character\Grass\043. Oddish</Filter>
    </ClInclude>
    <ClInclude Include="Vileplume.h">
      <Filter>GameObject\Character\Grass\045. Vileplume</Filter>
    </ClInclude>
    <ClInclude Include="Scyther.h">
      <Filter>GameObject\Character\Grass\123. Scyther</Filter>
    </ClInclude>
    <ClInclude Include="Psyduck.h">
      <Filter>GameObject\Character\Water\054. Psyduck</Filter>
    </ClInclude>
    <ClInclude Include="Golduck.h">
      <Filter>GameObject\Character\Water\055. Golduck</Filter>
    </ClInclude>
    <ClInclude Include="Jynx.h">
      <Filter>GameObject\Character\Water\124. Jynx</Filter>
    </ClInclude>
    <ClInclude Include="Poliwag.h">
      <Filter>GameObject\Character\Water\060. Poliwag</Filter>
    </ClInclude>
    <ClInclude Include="Poliwrath.h">
      <Filter>GameObject\Character\Water\062. Poliwrath</Filter>
    </ClInclude>
    <ClInclude Include="Suicune.h">
      <Filter>GameObject\Character\Water\245. Suicune</Filter>
    </ClInclude>
    <ClInclude Include="D3DFramework.h">
      <Filter>99. Defaults</Filter>
    </ClInclude>
    <ClInclude Include="Define.h">
      <Filter>99. Defaults</Filter>
    </ClInclude>
    <ClInclude Include="framework.h">
      <Filter>99. Defaults</Filter>
    </ClInclude>
    <ClInclude Include="Resource.h">
      <Filter>99. Defaults</Filter>
    </ClInclude>
    <ClInclude Include="stdafx.h">
      <Filter>99. Defaults</Filter>
    </ClInclude>
    <ClInclude Include="targetver.h">
      <Filter>99. Defaults</Filter>
    </ClInclude>
    <ClInclude Include="Transform.h">
      <Filter>Component\Transform</Filter>
    </ClInclude>
    <ClInclude Include="RenderFilter.h">
      <Filter>GameObject\RenderFilter</Filter>
    </ClInclude>
    <ClInclude Include="Stage_Grass_01.h">
      <Filter>Scene\Grass</Filter>
    </ClInclude>
    <ClInclude Include="Stage_Grass_Boss.h">
      <Filter>Scene\Grass</Filter>
    </ClInclude>
    <ClInclude Include="Stage_Water_01.h">
      <Filter>Scene\Water</Filter>
    </ClInclude>
    <ClInclude Include="Stage_Water_Boss.h">
      <Filter>Scene\Water</Filter>
    </ClInclude>
    <ClInclude Include="Stage_Fire_01.h">
      <Filter>Scene\Fire</Filter>
    </ClInclude>
    <ClInclude Include="Skill_Blaze.h">
      <Filter>Skill\04. Blaze</Filter>
    </ClInclude>
    <ClInclude Include="Button.h">
      <Filter>GameObject\UI</Filter>
    </ClInclude>
    <ClInclude Include="MonsterAI.h">
      <Filter>Component\AI</Filter>
    </ClInclude>
    <ClInclude Include="Skill_Tornado.h">
      <Filter>Skill\05. Tornado</Filter>
    </ClInclude>
    <ClInclude Include="Bullet_Tornado.h">
      <Filter>GameObject\Bullet\05. Tornado</Filter>
    </ClInclude>
    <ClInclude Include="Bullet_Water.h">
      <Filter>GameObject\Bullet\07. Tears</Filter>
    </ClInclude>
    <ClInclude Include="Bullet_Web.h">
      <Filter>GameObject\Bullet\10. Web</Filter>
    </ClInclude>
    <ClInclude Include="PlayerBullet.h">
      <Filter>GameObject\Bullet\01~03.PlayerBullet</Filter>
    </ClInclude>
    <ClInclude Include="Blaze.h">
      <Filter>GameObject\Bullet\04. Blaze</Filter>
    </ClInclude>
    <ClInclude Include="Bullet_Poision.h">
      <Filter>GameObject\Bullet\08~09. Poison</Filter>
    </ClInclude>
    <ClInclude Include="Decoration.h">
      <Filter>GameObject\Decoration</Filter>
    </ClInclude>
    <ClInclude Include="Tree.h">
      <Filter>GameObject\Decoration</Filter>
    </ClInclude>
    <ClInclude Include="Panel.h">
      <Filter>GameObject\UI</Filter>
    </ClInclude>
    <ClInclude Include="Bullet_Bubble.h">
      <Filter>GameObject\Bullet\15. Bubble</Filter>
    </ClInclude>
    <ClInclude Include="Charmeleon.h">
      <Filter>GameObject\Character\Fire\005. Charmeleon</Filter>
    </ClInclude>
    <ClInclude Include="Spawner.h">
      <Filter>GameObject\Spawner</Filter>
    </ClInclude>
    <ClInclude Include="Coral.h">
      <Filter>GameObject\Decoration</Filter>
    </ClInclude>
    <ClInclude Include="Skill_Rush.h">
      <Filter>Skill\06. Rush</Filter>
    </ClInclude>
    <ClInclude Include="TargetInfoPanel.h">
      <Filter>GameObject\UI</Filter>
    </ClInclude>
    <ClInclude Include="TriggerBox.h">
      <Filter>GameObject\TriggerBox</Filter>
    </ClInclude>
    <ClInclude Include="Bullet_Ice.h">
      <Filter>GameObject\Bullet\Ice</Filter>
    </ClInclude>
    <ClInclude Include="Bullet_Bubble2.h">
      <Filter>GameObject\Bullet\15. Bubble</Filter>
    </ClInclude>
    <ClInclude Include="Skill_XClaw.h">
      <Filter>Skill\17. XClaw</Filter>
    </ClInclude>
    <ClInclude Include="XClaw.h">
      <Filter>GameObject\Bullet\17. XClaw</Filter>
    </ClInclude>
    <ClInclude Include="Stage_Grass_02.h">
      <Filter>Scene\Grass</Filter>
    </ClInclude>
    <ClInclude Include="Gloom.h">
      <Filter>GameObject\Character\Grass\045. Gloom</Filter>
    </ClInclude>
    <ClInclude Include="Poliwhirl.h">
      <Filter>GameObject\Character\Water\061. Poliwhirl</Filter>
    </ClInclude>
    <ClInclude Include="Stage_Water_02.h">
      <Filter>Scene\Water</Filter>
    </ClInclude>
    <ClInclude Include="DamageSkin.h">
      <Filter>GameObject\UI</Filter>
    </ClInclude>
    <ClInclude Include="PlayerInfoPanel.h">
      <Filter>GameObject\UI</Filter>
    </ClInclude>
    <ClInclude Include="Bullet_Ice2.h">
      <Filter>GameObject\Bullet\Ice</Filter>
    </ClInclude>
    <ClInclude Include="AllCharacters.h">
      <Filter>GameObject\Character</Filter>
    </ClInclude>
    <ClInclude Include="AllStage.h">
      <Filter>Scene</Filter>
    </ClInclude>
    <ClInclude Include="AllMeshs.h">
      <Filter>Component\Mesh</Filter>
    </ClInclude>
    <ClInclude Include="AllDecorations.h">
      <Filter>GameObject\Decoration</Filter>
    </ClInclude>
    <ClInclude Include="AllEnvironments.h">
      <Filter>GameObject\Environment</Filter>
    </ClInclude>
    <ClInclude Include="Skill_HealBubble.h">
      <Filter>Skill\18. HealBubble</Filter>
    </ClInclude>
    <ClInclude Include="Bullet_HealBubble.h">
      <Filter>GameObject\Bullet\18. HealBubble</Filter>
    </ClInclude>
    <ClInclude Include="Charizard.h">
      <Filter>GameObject\Character\Fire\006. Charizard</Filter>
    </ClInclude>
    <ClInclude Include="Stage_Fire_02.h">
      <Filter>Scene\Fire</Filter>
    </ClInclude>
    <ClInclude Include="Struct.h">
      <Filter>99. Defaults</Filter>
    </ClInclude>
    <ClInclude Include="Bullet_Ice3.h">
      <Filter>GameObject\Bullet\Ice</Filter>
    </ClInclude>
    <ClInclude Include="Groudon.h">
      <Filter>GameObject\Character\Fire\383. Groudon</Filter>
    </ClInclude>
    <ClInclude Include="Growlithe.h">
      <Filter>GameObject\Character\Fire\058. Growlithe</Filter>
    </ClInclude>
    <ClInclude Include="Arcanine.h">
      <Filter>GameObject\Character\Fire\059. Arcanine</Filter>
    </ClInclude>
    <ClInclude Include="Magcargo.h">
      <Filter>GameObject\Character\Fire\219. Magcargo</Filter>
    </ClInclude>
    <ClInclude Include="Rapidash.h">
      <Filter>GameObject\Character\Fire\078. Rapidash</Filter>
    </ClInclude>
    <ClInclude Include="Ponyta.h">
      <Filter>GameObject\Character\Fire\077. Ponyta</Filter>
    </ClInclude>
    <ClInclude Include="Slugma.h">
      <Filter>GameObject\Character\Fire\218. Slugma</Filter>
    </ClInclude>
    <ClInclude Include="Blastoise.h">
      <Filter>GameObject\Character\Water\009. Blastoise</Filter>
    </ClInclude>
    <ClInclude Include="Squirtle.h">
      <Filter>GameObject\Character\Water\007. Squirtle</Filter>
    </ClInclude>
    <ClInclude Include="Skill_LeafShot.h">
      <Filter>Skill\01. LeafShot</Filter>
    </ClInclude>
    <ClInclude Include="Skill_FireBall.h">
      <Filter>Skill\02. FireBall</Filter>
    </ClInclude>
    <ClInclude Include="Skill_WaterCannon.h">
      <Filter>Skill\03. WaterCannon</Filter>
    </ClInclude>
    <ClInclude Include="Skill_TearsShot.h">
      <Filter>Skill\07. TearsShot</Filter>
    </ClInclude>
    <ClInclude Include="Skill_CrossShot.h">
      <Filter>Skill\08. CrossShot</Filter>
    </ClInclude>
    <ClInclude Include="Skill_XShot.h">
      <Filter>Skill\09. XShot</Filter>
    </ClInclude>
    <ClInclude Include="Skill_WebShot.h">
      <Filter>Skill\10. WebShot</Filter>
    </ClInclude>
    <ClInclude Include="Skill_SnowRain.h">
      <Filter>Skill\11. SnowRain</Filter>
    </ClInclude>
    <ClInclude Include="Skill_BubbleShot.h">
      <Filter>Skill\15. BubbleShot</Filter>
    </ClInclude>
    <ClInclude Include="Skill_SnowVulcan.h">
      <Filter>Skill\12. SnowVulcan</Filter>
    </ClInclude>
    <ClInclude Include="Skill_SnowFall.h">
      <Filter>Skill\13. SnowFall</Filter>
    </ClInclude>
    <ClInclude Include="Skill_SnowCrystal.h">
      <Filter>Skill\14. SnowCrystal</Filter>
    </ClInclude>
    <ClInclude Include="Skill_AccelWater.h">
      <Filter>Skill\16. AccelWater</Filter>
    </ClInclude>
    <ClInclude Include="Skill_Quake.h">
      <Filter>Skill\20. Quake</Filter>
    </ClInclude>
    <ClInclude Include="Skill_FireWallWave.h">
      <Filter>Skill\21. FireWallWave</Filter>
    </ClInclude>
    <ClInclude Include="Skill_FireBlast.h">
      <Filter>Skill\22. FireBlast</Filter>
    </ClInclude>
    <ClInclude Include="Bullet_Quake.h">
      <Filter>GameObject\Bullet\20. Quake</Filter>
    </ClInclude>
    <ClInclude Include="Bullet_FireWallWave.h">
      <Filter>GameObject\Bullet\21. FireWallWave</Filter>
    </ClInclude>
    <ClInclude Include="Bullet_FireBlast.h">
      <Filter>GameObject\Bullet\22. FireBlast</Filter>
    </ClInclude>
    <ClInclude Include="Skill_Meteor.h">
      <Filter>Skill\19. Meteor</Filter>
    </ClInclude>
    <ClInclude Include="Bullet_ReverseHealBubble.h">
      <Filter>GameObject\Bullet\23. ReverseHealBubble</Filter>
    </ClInclude>
    <ClInclude Include="Skill_ReverseHealBubble.h">
      <Filter>Skill\23. ReverseHealBubble</Filter>
    </ClInclude>
    <ClInclude Include="Skill_MiniRush.h">
      <Filter>Skill\24. MiniRush</Filter>
    </ClInclude>
    <ClInclude Include="SelectScene.h">
      <Filter>Scene</Filter>
    </ClInclude>
    <ClInclude Include="Meteor.h">
      <Filter>GameObject\Bullet\19. Meteor</Filter>
    </ClInclude>
    <ClInclude Include="Wartortle.h">
      <Filter>GameObject\Character\Water\008. Wartortle</Filter>
    </ClInclude>
    <ClInclude Include="Bullet_WaterFlow.h">
      <Filter>GameObject\Bullet\25. WaterFlow</Filter>
    </ClInclude>
    <ClInclude Include="Bullet_WaterBomb.h">
      <Filter>GameObject\Bullet\26. WaterBomb</Filter>
    </ClInclude>
    <ClInclude Include="Skill_WaterFlow.h">
      <Filter>Skill\25. WaterFlow</Filter>
    </ClInclude>
    <ClInclude Include="Skill_WaterBomb.h">
      <Filter>Skill\26. WaterBomb</Filter>
    </ClInclude>
    <ClInclude Include="Skill_Tsunami.h">
      <Filter>Skill\27. Tsunami</Filter>
    </ClInclude>
    <ClInclude Include="Bullet_Tsunami.h">
      <Filter>GameObject\Bullet\27. Tsunami</Filter>
    </ClInclude>
    <ClInclude Include="Stage_Fire_Boss.h">
      <Filter>Scene\Fire</Filter>
    </ClInclude>
    <ClInclude Include="Skill_ShellAttack.h">
      <Filter>Skill\28. ShellAttack</Filter>
    </ClInclude>
    <ClInclude Include="Skill_LeechSeed.h">
      <Filter>Skill\29. LeechSeed</Filter>
    </ClInclude>
    <ClInclude Include="Skill_PetalBlizzard.h">
      <Filter>Skill\30. PetalBlizzard</Filter>
    </ClInclude>
    <ClInclude Include="Texture.h">
      <Filter>Texture</Filter>
    </ClInclude>
    <ClInclude Include="Skill_ClawBlast.h">
      <Filter>Skill\31. ClawBlast</Filter>
    </ClInclude>
    <ClInclude Include="Bullet_ShortWaterFlow.h">
      <Filter>GameObject\Bullet\31. ShortWaterFlow</Filter>
    </ClInclude>
    <ClInclude Include="Bullet_FireShot.h">
      <Filter>GameObject\Bullet\34. FireShot</Filter>
    </ClInclude>
    <ClInclude Include="Skill_FireShot.h">
      <Filter>Skill\34. FireShot</Filter>
    </ClInclude>
    <ClInclude Include="Skill_FireBomb.h">
      <Filter>Skill\33. FireBomb</Filter>
    </ClInclude>
    <ClInclude Include="Bullet_FireBomb.h">
      <Filter>GameObject\Bullet\33. FireBomb</Filter>
    </ClInclude>
    <ClInclude Include="Skill_FireXCrossBomb.h">
      <Filter>Skill\36. FireXCrossBomb</Filter>
    </ClInclude>
    <ClInclude Include="Bullet_FireMiniBomb.h">
      <Filter>GameObject\Bullet\36. FireMiniBomb</Filter>
    </ClInclude>
    <ClInclude Include="LeechSeed.h">
      <Filter>GameObject\Bullet\29. LeechSeed</Filter>
    </ClInclude>
    <ClInclude Include="PetalBlizzard.h">
      <Filter>GameObject\Bullet\30. PetalBlizzard</Filter>
    </ClInclude>
    <ClInclude Include="Skill_Synthesis.h">
      <Filter>Skill\32. Synthesis</Filter>
    </ClInclude>
    <ClInclude Include="Bullet_Synthesis.h">
      <Filter>GameObject\Bullet\32.Synthesis</Filter>
    </ClInclude>
    <ClInclude Include="Inventory.h">
      <Filter>GameObject\UI\Inventory</Filter>
    </ClInclude>
    <ClInclude Include="Item.h">
      <Filter>GameObject\Item</Filter>
    </ClInclude>
    <ClInclude Include="Stage_Town.h">
      <Filter>Scene\Town</Filter>
    </ClInclude>
    <ClInclude Include="Skill_RedBall.h">
      <Filter>Skill\35. RedBall</Filter>
    </ClInclude>
    <ClInclude Include="Bullet_RedBall.h">
      <Filter>GameObject\Bullet\35. RedBall</Filter>
    </ClInclude>
    <ClInclude Include="Skill_Explosion.h">
      <Filter>Skill\37. Explosion</Filter>
    </ClInclude>
    <ClInclude Include="Bullet_Explosion.h">
      <Filter>GameObject\Bullet\37. Explosion</Filter>
    </ClInclude>
    <ClInclude Include="Ditto.h">
      <Filter>GameObject\Character\Ditto</Filter>
    </ClInclude>
    <ClInclude Include="Item_Tomato.h">
      <Filter>GameObject\Item</Filter>
    </ClInclude>
    <ClInclude Include="Slot.h">
      <Filter>GameObject\UI\Inventory</Filter>
    </ClInclude>
    <ClInclude Include="Coin.h">
      <Filter>GameObject\Coin</Filter>
    </ClInclude>
    <ClInclude Include="Item_UltraBall.h">
      <Filter>GameObject\Item</Filter>
    </ClInclude>
    <ClInclude Include="Item_BlueBerry.h">
      <Filter>GameObject\Item</Filter>
    </ClInclude>
    <ClInclude Include="Item_Clam.h">
      <Filter>GameObject\Item</Filter>
    </ClInclude>
    <ClInclude Include="Item_ExpPotion.h">
      <Filter>GameObject\Item</Filter>
    </ClInclude>
    <ClInclude Include="Item_Gaji.h">
      <Filter>GameObject\Item</Filter>
    </ClInclude>
    <ClInclude Include="Item_Grape.h">
      <Filter>GameObject\Item</Filter>
    </ClInclude>
    <ClInclude Include="Item_GreatBall.h">
      <Filter>GameObject\Item</Filter>
    </ClInclude>
    <ClInclude Include="Item_HpPotion.h">
      <Filter>GameObject\Item</Filter>
    </ClInclude>
    <ClInclude Include="Item_Lemon.h">
      <Filter>GameObject\Item</Filter>
    </ClInclude>
    <ClInclude Include="Item_MasterBall.h">
      <Filter>GameObject\Item</Filter>
    </ClInclude>
    <ClInclude Include="Item_Pear.h">
      <Filter>GameObject\Item</Filter>
    </ClInclude>
    <ClInclude Include="Item_PokeBall.h">
      <Filter>GameObject\Item</Filter>
    </ClInclude>
    <ClInclude Include="Item_StoneOfAwake.h">
      <Filter>GameObject\Item</Filter>
    </ClInclude>
    <ClInclude Include="Item_StoneOfDark.h">
      <Filter>GameObject\Item</Filter>
    </ClInclude>
    <ClInclude Include="Item_StoneOfFire.h">
      <Filter>GameObject\Item</Filter>
    </ClInclude>
    <ClInclude Include="Item_StoneOfLeaf.h">
      <Filter>GameObject\Item</Filter>
    </ClInclude>
    <ClInclude Include="Item_StoneOfLight.h">
      <Filter>GameObject\Item</Filter>
    </ClInclude>
    <ClInclude Include="Item_StoneOfMoon.h">
      <Filter>GameObject\Item</Filter>
    </ClInclude>
    <ClInclude Include="Item_StoneOfSun.h">
      <Filter>GameObject\Item</Filter>
    </ClInclude>
    <ClInclude Include="Item_StoneOfThunder.h">
      <Filter>GameObject\Item</Filter>
    </ClInclude>
    <ClInclude Include="Item_StoneOfWater.h">
      <Filter>GameObject\Item</Filter>
    </ClInclude>
    <ClInclude Include="Stage_Tutorial.h">
      <Filter>Scene\Tutorial</Filter>
    </ClInclude>
    <ClInclude Include="QuestManager.h">
      <Filter>Quest</Filter>
    </ClInclude>
    <ClInclude Include="NPC.h">
      <Filter>GameObject\NPC</Filter>
    </ClInclude>
    <ClInclude Include="ItemInfoPanel.h">
      <Filter>GameObject\UI</Filter>
    </ClInclude>
    <ClInclude Include="Dialog.h">
      <Filter>GameObject\UI</Filter>
    </ClInclude>
    <ClInclude Include="NPC_DoctorOh.h">
      <Filter>GameObject\NPC</Filter>
    </ClInclude>
    <ClInclude Include="NPC_Celebi.h">
      <Filter>GameObject\NPC</Filter>
    </ClInclude>
    <ClInclude Include="Stage_Opening.h">
      <Filter>Scene\Opening</Filter>
    </ClInclude>
    <ClInclude Include="AllNPC.h">
      <Filter>GameObject\NPC</Filter>
    </ClInclude>
  </ItemGroup>
  <ItemGroup>
    <ClCompile Include="CollisionManager.cpp">
      <Filter>Lib\Manager</Filter>
    </ClCompile>
    <ClCompile Include="D2DRenderManager.cpp">
      <Filter>Lib\Manager</Filter>
    </ClCompile>
    <ClCompile Include="FileManager.cpp">
      <Filter>Lib\Manager</Filter>
    </ClCompile>
    <ClCompile Include="InputManager.cpp">
      <Filter>Lib\Manager</Filter>
    </ClCompile>
    <ClCompile Include="ObjectManager.cpp">
      <Filter>Lib\Manager</Filter>
    </ClCompile>
    <ClCompile Include="SceneManager.cpp">
      <Filter>Lib\Manager</Filter>
    </ClCompile>
    <ClCompile Include="TimeManager.cpp">
      <Filter>Lib\Manager</Filter>
    </ClCompile>
    <ClCompile Include="Vector3.cpp">
      <Filter>Lib</Filter>
    </ClCompile>
    <ClCompile Include="Texture.cpp">
      <Filter>Texture</Filter>
    </ClCompile>
    <ClCompile Include="MainGame.cpp">
      <Filter>Lib\MainGame</Filter>
    </ClCompile>
    <ClCompile Include="TestScene.cpp">
      <Filter>Scene</Filter>
    </ClCompile>
    <ClCompile Include="IScene.cpp">
      <Filter>Scene</Filter>
    </ClCompile>
    <ClCompile Include="SoundManager.cpp">
      <Filter>Lib\Manager</Filter>
    </ClCompile>
    <ClCompile Include="GameObject.cpp">
      <Filter>GameObject</Filter>
    </ClCompile>
    <ClCompile Include="Camera.cpp">
      <Filter>GameObject\Camera</Filter>
    </ClCompile>
    <ClCompile Include="Vertex.cpp">
      <Filter>Lib</Filter>
    </ClCompile>
    <ClCompile Include="Color.cpp">
      <Filter>Lib</Filter>
    </ClCompile>
    <ClCompile Include="Mesh.cpp">
      <Filter>Component\Mesh</Filter>
    </ClCompile>
    <ClCompile Include="Triangle.cpp">
      <Filter>Component\Mesh</Filter>
    </ClCompile>
    <ClCompile Include="Rectangle.cpp">
      <Filter>Component\Mesh</Filter>
    </ClCompile>
    <ClCompile Include="IComponent.cpp">
      <Filter>Component</Filter>
    </ClCompile>
    <ClCompile Include="Cube.cpp">
      <Filter>Component\Mesh</Filter>
    </ClCompile>
    <ClCompile Include="Matrix.cpp">
      <Filter>Lib</Filter>
    </ClCompile>
    <ClCompile Include="Quaternion.cpp">
      <Filter>Lib</Filter>
    </ClCompile>
    <ClCompile Include="Random.cpp">
      <Filter>Lib</Filter>
    </ClCompile>
    <ClCompile Include="Cursor.cpp">
      <Filter>GameObject\Cursor</Filter>
    </ClCompile>
    <ClCompile Include="Plane.cpp">
      <Filter>Component\Mesh</Filter>
    </ClCompile>
    <ClCompile Include="Terrain.cpp">
      <Filter>Component\Mesh</Filter>
    </ClCompile>
    <ClCompile Include="Animation2D.cpp">
      <Filter>Component\Animation</Filter>
    </ClCompile>
    <ClCompile Include="Character.cpp">
      <Filter>GameObject\Character</Filter>
    </ClCompile>
    <ClCompile Include="UI.cpp">
      <Filter>GameObject\UI</Filter>
    </ClCompile>
    <ClCompile Include="Player.cpp">
      <Filter>GameObject\Player</Filter>
    </ClCompile>
    <ClCompile Include="SkyBox.cpp">
      <Filter>GameObject\SkyBox</Filter>
    </ClCompile>
    <ClCompile Include="CubeMan.cpp">
      <Filter>GameObject</Filter>
    </ClCompile>
    <ClCompile Include="Bullet.cpp">
      <Filter>GameObject\Bullet</Filter>
    </ClCompile>
    <ClCompile Include="TitleScene.cpp">
      <Filter>Scene</Filter>
    </ClCompile>
    <ClCompile Include="Bulbasaur.cpp">
      <Filter>GameObject\Character\Grass\001. Bulbasaur</Filter>
    </ClCompile>
    <ClCompile Include="UI_Title.cpp">
      <Filter>GameObject\UI</Filter>
    </ClCompile>
    <ClCompile Include="Network.cpp">
      <Filter>Network</Filter>
    </ClCompile>
    <ClCompile Include="CPacket.cpp">
      <Filter>Network</Filter>
    </ClCompile>
    <ClCompile Include="CRingBuffer.cpp">
      <Filter>Network</Filter>
    </ClCompile>
    <ClCompile Include="GameObject.cpp">
      <Filter>GameObject</Filter>
    </ClCompile>
    <ClCompile Include="CubeMan.cpp">
      <Filter>GameObject</Filter>
    </ClCompile>
    <ClCompile Include="Matrix.cpp">
      <Filter>Lib</Filter>
    </ClCompile>
    <ClCompile Include="Vertex.cpp">
      <Filter>Lib</Filter>
    </ClCompile>
    <ClCompile Include="Vector3.cpp">
      <Filter>Lib</Filter>
    </ClCompile>
    <ClCompile Include="Texture.cpp">
      <Filter>Lib</Filter>
    </ClCompile>
    <ClCompile Include="Color.cpp">
      <Filter>Lib</Filter>
    </ClCompile>
    <ClCompile Include="Camera.cpp">
      <Filter>GameObject\Camera</Filter>
    </ClCompile>
    <ClCompile Include="IComponent.cpp">
      <Filter>Component</Filter>
    </ClCompile>
    <ClCompile Include="Animation2D.cpp">
      <Filter>Component\Animation</Filter>
    </ClCompile>
    <ClCompile Include="Triangle.cpp">
      <Filter>Component\Mesh</Filter>
    </ClCompile>
    <ClCompile Include="Terrain.cpp">
      <Filter>Component\Mesh</Filter>
    </ClCompile>
    <ClCompile Include="Rectangle.cpp">
      <Filter>Component\Mesh</Filter>
    </ClCompile>
    <ClCompile Include="Plane.cpp">
      <Filter>Component\Mesh</Filter>
    </ClCompile>
    <ClCompile Include="Mesh.cpp">
      <Filter>Component\Mesh</Filter>
    </ClCompile>
    <ClCompile Include="FileManager.cpp">
      <Filter>Lib\Manager</Filter>
    </ClCompile>
    <ClCompile Include="InputManager.cpp">
      <Filter>Lib\Manager</Filter>
    </ClCompile>
    <ClCompile Include="TimeManager.cpp">
      <Filter>Lib\Manager</Filter>
    </ClCompile>
    <ClCompile Include="SoundManager.cpp">
      <Filter>Lib\Manager</Filter>
    </ClCompile>
    <ClCompile Include="SceneManager.cpp">
      <Filter>Lib\Manager</Filter>
    </ClCompile>
    <ClCompile Include="ObjectManager.cpp">
      <Filter>Lib\Manager</Filter>
    </ClCompile>
    <ClCompile Include="D2DRenderManager.cpp">
      <Filter>Lib\Manager</Filter>
    </ClCompile>
    <ClCompile Include="CollisionManager.cpp">
      <Filter>Lib\Manager</Filter>
    </ClCompile>
    <ClCompile Include="CPacket.cpp">
      <Filter>Network</Filter>
    </ClCompile>
    <ClCompile Include="CRingBuffer.cpp">
      <Filter>Network</Filter>
    </ClCompile>
    <ClCompile Include="Network.cpp">
      <Filter>Network</Filter>
    </ClCompile>
    <ClCompile Include="Quaternion.cpp">
      <Filter>Lib</Filter>
    </ClCompile>
    <ClCompile Include="Random.cpp">
      <Filter>Lib</Filter>
    </ClCompile>
    <ClCompile Include="Cursor.cpp">
      <Filter>GameObject\Cursor</Filter>
    </ClCompile>
    <ClCompile Include="TitleScene.cpp">
      <Filter>Scene</Filter>
    </ClCompile>
    <ClCompile Include="TestScene.cpp">
      <Filter>Scene</Filter>
    </ClCompile>
    <ClCompile Include="IScene.cpp">
      <Filter>Scene</Filter>
    </ClCompile>
    <ClCompile Include="TestMultiScene.cpp">
      <Filter>Scene</Filter>
    </ClCompile>
    <ClCompile Include="Player.cpp">
      <Filter>GameObject\Character\Player</Filter>
    </ClCompile>
    <ClCompile Include="Cube.cpp">
      <Filter>Component\Mesh</Filter>
    </ClCompile>
    <ClCompile Include="Debug.cpp">
      <Filter>Lib</Filter>
    </ClCompile>
    <ClCompile Include="MainGame.cpp">
      <Filter>Lib\MainGame</Filter>
    </ClCompile>
    <ClCompile Include="LobbyWindow.cpp">
      <Filter>Lib\MainGame</Filter>
    </ClCompile>
    <ClCompile Include="SkyBox.cpp">
      <Filter>GameObject\SkyBox</Filter>
    </ClCompile>
    <ClCompile Include="UI.cpp">
      <Filter>GameObject\UI</Filter>
    </ClCompile>
    <ClCompile Include="UI_Title.cpp">
      <Filter>GameObject\UI</Filter>
    </ClCompile>
    <ClCompile Include="Bulbasaur.cpp">
      <Filter>GameObject\Character\Player\01. Bulbasaur</Filter>
    </ClCompile>
    <ClCompile Include="Ivysaur.cpp">
      <Filter>GameObject\Character\Grass\002. Ivysaur</Filter>
    </ClCompile>
    <ClCompile Include="Venusaur.cpp">
      <Filter>GameObject\Character\Grass\003. Venusaur</Filter>
    </ClCompile>
    <ClCompile Include="Environment.cpp">
      <Filter>GameObject\Environment</Filter>
    </ClCompile>
    <ClCompile Include="Character.cpp">
      <Filter>GameObject\Character</Filter>
    </ClCompile>
    <ClCompile Include="Bullet.cpp">
      <Filter>GameObject\Character\Bullet</Filter>
    </ClCompile>
    <ClCompile Include="Environment.cpp">
      <Filter>GameObject\Environment</Filter>
    </ClCompile>
    <ClCompile Include="Effect.cpp">
      <Filter>GameObject\Effect</Filter>
    </ClCompile>
    <ClCompile Include="Water.cpp">
      <Filter>GameObject\Environment</Filter>
    </ClCompile>
    <ClCompile Include="Charmander.cpp">
      <Filter>GameObject\Character\Fire\004. Charmander</Filter>
    </ClCompile>
    <ClCompile Include="Venusaur.cpp">
      <Filter>GameObject\Character\Player\03. Venusaur</Filter>
    </ClCompile>
    <ClCompile Include="Ivysaur.cpp">
      <Filter>GameObject\Character\Player\02. Ivysaur</Filter>
    </ClCompile>
    <ClCompile Include="SkillManager.cpp">
      <Filter>Skill\99. Manager</Filter>
    </ClCompile>
    <ClCompile Include="Butterfree.cpp">
      <Filter>GameObject\Character\Grass\012. Butterfree</Filter>
    </ClCompile>
    <ClCompile Include="Caterpie.cpp">
      <Filter>GameObject\Character\Grass\010. Caterpie</Filter>
    </ClCompile>
    <ClCompile Include="Golduck.cpp">
      <Filter>GameObject\Character\Water\055. Golduck</Filter>
    </ClCompile>
    <ClCompile Include="Jynx.cpp">
      <Filter>GameObject\Character\Water\124. Jynx</Filter>
    </ClCompile>
    <ClCompile Include="Metapod.cpp">
      <Filter>GameObject\Character\Grass\011. Metapod</Filter>
    </ClCompile>
    <ClCompile Include="Oddish.cpp">
      <Filter>GameObject\Character\Grass\043. Oddish</Filter>
    </ClCompile>
    <ClCompile Include="Poliwag.cpp">
      <Filter>GameObject\Character\Water\060. Poliwag</Filter>
    </ClCompile>
    <ClCompile Include="Poliwrath.cpp">
      <Filter>GameObject\Character\Water\062. Poliwrath</Filter>
    </ClCompile>
    <ClCompile Include="Psyduck.cpp">
      <Filter>GameObject\Character\Water\054. Psyduck</Filter>
    </ClCompile>
    <ClCompile Include="Scyther.cpp">
      <Filter>GameObject\Character\Grass\123. Scyther</Filter>
    </ClCompile>
    <ClCompile Include="Skill.cpp">
      <Filter>Skill</Filter>
    </ClCompile>
    <ClCompile Include="Suicune.cpp">
      <Filter>GameObject\Character\Water\245. Suicune</Filter>
    </ClCompile>
    <ClCompile Include="Vileplume.cpp">
      <Filter>GameObject\Character\Grass\045. Vileplume</Filter>
    </ClCompile>
    <ClCompile Include="D3DFramework.cpp">
      <Filter>99. Defaults</Filter>
    </ClCompile>
    <ClCompile Include="stdafx.cpp">
      <Filter>99. Defaults</Filter>
    </ClCompile>
    <ClCompile Include="D3DFramework.cpp" />
    <ClCompile Include="stdafx.cpp" />
    <ClCompile Include="Transform.cpp">
      <Filter>Component\Transform</Filter>
    </ClCompile>
    <ClCompile Include="Transform.cpp">
      <Filter>Component\Transform</Filter>
    </ClCompile>
    <ClCompile Include="RenderFilter.cpp">
      <Filter>GameObject\RenderFilter</Filter>
    </ClCompile>
    <ClCompile Include="Stage_Grass_01.cpp">
      <Filter>Scene\Grass</Filter>
    </ClCompile>
    <ClCompile Include="Stage_Grass_Boss.cpp">
      <Filter>Scene\Grass</Filter>
    </ClCompile>
    <ClCompile Include="Stage_Water_01.cpp">
      <Filter>Scene\Water</Filter>
    </ClCompile>
    <ClCompile Include="Stage_Water_Boss.cpp">
      <Filter>Scene\Water</Filter>
    </ClCompile>
    <ClCompile Include="Stage_Fire_01.cpp">
      <Filter>Scene\Fire</Filter>
    </ClCompile>
    <ClCompile Include="Skill_Blaze.cpp">
      <Filter>Skill\04. Blaze</Filter>
    </ClCompile>
    <ClCompile Include="Button.cpp">
      <Filter>GameObject\UI</Filter>
    </ClCompile>
    <ClCompile Include="MonsterAI.cpp">
      <Filter>Component\AI</Filter>
    </ClCompile>
    <ClCompile Include="Skill_Tornado.cpp">
      <Filter>Skill\05. Tornado</Filter>
    </ClCompile>
    <ClCompile Include="Bullet_Tornado.cpp">
      <Filter>GameObject\Bullet\05. Tornado</Filter>
    </ClCompile>
    <ClCompile Include="Bullet_Water.cpp">
      <Filter>GameObject\Bullet\07. Tears</Filter>
    </ClCompile>
    <ClCompile Include="Bullet_Web.cpp">
      <Filter>GameObject\Bullet\10. Web</Filter>
    </ClCompile>
    <ClCompile Include="PlayerBullet.cpp">
      <Filter>GameObject\Bullet\01~03.PlayerBullet</Filter>
    </ClCompile>
    <ClCompile Include="Blaze.cpp">
      <Filter>GameObject\Bullet\04. Blaze</Filter>
    </ClCompile>
    <ClCompile Include="Decoration.cpp">
      <Filter>GameObject\Decoration</Filter>
    </ClCompile>
    <ClCompile Include="Tree.cpp">
      <Filter>GameObject\Decoration</Filter>
    </ClCompile>
    <ClCompile Include="Panel.cpp">
      <Filter>GameObject\UI</Filter>
    </ClCompile>
    <ClCompile Include="Bullet_Poision.cpp">
      <Filter>GameObject\Bullet\08~09. Poison</Filter>
    </ClCompile>
    <ClCompile Include="Bullet_Bubble.cpp">
      <Filter>GameObject\Bullet\15. Bubble</Filter>
    </ClCompile>
    <ClCompile Include="Charmeleon.cpp">
      <Filter>GameObject\Character\Fire\005. Charmeleon</Filter>
    </ClCompile>
    <ClCompile Include="Spawner.cpp">
      <Filter>GameObject\Spawner</Filter>
    </ClCompile>
    <ClCompile Include="Tree.cpp">
      <Filter>GameObject\Decoration</Filter>
    </ClCompile>
    <ClCompile Include="Coral.cpp">
      <Filter>GameObject\Decoration</Filter>
    </ClCompile>
    <ClCompile Include="Skill_Rush.cpp">
      <Filter>Skill\06. Rush</Filter>
    </ClCompile>
    <ClCompile Include="TargetInfoPanel.cpp">
      <Filter>GameObject\UI</Filter>
    </ClCompile>
    <ClCompile Include="TriggerBox.cpp">
      <Filter>GameObject\TriggerBox</Filter>
    </ClCompile>
    <ClCompile Include="Bullet_Ice.cpp">
      <Filter>GameObject\Bullet\Ice</Filter>
    </ClCompile>
    <ClCompile Include="Bullet_Bubble2.cpp">
      <Filter>GameObject\Bullet\15. Bubble</Filter>
    </ClCompile>
    <ClCompile Include="Skill_XClaw.cpp">
      <Filter>Skill\17. XClaw</Filter>
    </ClCompile>
    <ClCompile Include="XClaw.cpp">
      <Filter>GameObject\Bullet\17. XClaw</Filter>
    </ClCompile>
    <ClCompile Include="Stage_Grass_02.cpp">
      <Filter>Scene\Grass</Filter>
    </ClCompile>
    <ClCompile Include="Gloom.cpp">
      <Filter>GameObject\Character\Grass\045. Gloom</Filter>
    </ClCompile>
    <ClCompile Include="Poliwhirl.cpp">
      <Filter>GameObject\Character\Water\061. Poliwhirl</Filter>
    </ClCompile>
    <ClCompile Include="Stage_Water_02.cpp">
      <Filter>Scene\Water</Filter>
    </ClCompile>
    <ClCompile Include="DamageSkin.cpp">
      <Filter>GameObject\UI</Filter>
    </ClCompile>
    <ClCompile Include="PlayerInfoPanel.cpp">
      <Filter>GameObject\UI</Filter>
    </ClCompile>
    <ClCompile Include="Bullet_Ice2.cpp">
      <Filter>GameObject\Bullet\Ice</Filter>
    </ClCompile>
    <ClCompile Include="Skill_HealBubble.cpp">
      <Filter>Skill\18. HealBubble</Filter>
    </ClCompile>
    <ClCompile Include="Bullet_HealBubble.cpp">
      <Filter>GameObject\Bullet\18. HealBubble</Filter>
    </ClCompile>
    <ClCompile Include="Charizard.cpp">
      <Filter>GameObject\Character\Fire\006. Charizard</Filter>
    </ClCompile>
    <ClCompile Include="Stage_Fire_02.cpp">
      <Filter>Scene\Fire</Filter>
    </ClCompile>
    <ClCompile Include="Bullet_Ice3.cpp">
      <Filter>GameObject\Bullet\Ice</Filter>
    </ClCompile>
    <ClCompile Include="Groudon.cpp">
      <Filter>GameObject\Character\Fire\383. Groudon</Filter>
    </ClCompile>
    <ClCompile Include="Growlithe.cpp">
      <Filter>GameObject\Character\Fire\058. Growlithe</Filter>
    </ClCompile>
    <ClCompile Include="Arcanine.cpp">
      <Filter>GameObject\Character\Fire\059. Arcanine</Filter>
    </ClCompile>
    <ClCompile Include="Magcargo.cpp">
      <Filter>GameObject\Character\Fire\219. Magcargo</Filter>
    </ClCompile>
    <ClCompile Include="Rapidash.cpp">
      <Filter>GameObject\Character\Fire\078. Rapidash</Filter>
    </ClCompile>
    <ClCompile Include="Ponyta.cpp">
      <Filter>GameObject\Character\Fire\077. Ponyta</Filter>
    </ClCompile>
    <ClCompile Include="Slugma.cpp">
      <Filter>GameObject\Character\Fire\218. Slugma</Filter>
    </ClCompile>
    <ClCompile Include="Blastoise.cpp">
      <Filter>GameObject\Character\Water\009. Blastoise</Filter>
    </ClCompile>
    <ClCompile Include="Squirtle.cpp">
      <Filter>GameObject\Character\Water\007. Squirtle</Filter>
    </ClCompile>
    <ClCompile Include="Skill_LeafShot.cpp">
      <Filter>Skill\01. LeafShot</Filter>
    </ClCompile>
    <ClCompile Include="Skill_FireBall.cpp">
      <Filter>Skill\02. FireBall</Filter>
    </ClCompile>
    <ClCompile Include="Skill_WaterCannon.cpp">
      <Filter>Skill\03. WaterCannon</Filter>
    </ClCompile>
    <ClCompile Include="Skill_TearsShot.cpp">
      <Filter>Skill\07. TearsShot</Filter>
    </ClCompile>
    <ClCompile Include="Skill_CrossShot.cpp">
      <Filter>Skill\08. CrossShot</Filter>
    </ClCompile>
    <ClCompile Include="Skill_XShot.cpp">
      <Filter>Skill\09. XShot</Filter>
    </ClCompile>
    <ClCompile Include="Skill_WebShot.cpp">
      <Filter>Skill\10. WebShot</Filter>
    </ClCompile>
    <ClCompile Include="Skill_SnowRain.cpp">
      <Filter>Skill\11. SnowRain</Filter>
    </ClCompile>
    <ClCompile Include="Skill_SnowVulcan.cpp">
      <Filter>Skill\12. SnowVulcan</Filter>
    </ClCompile>
    <ClCompile Include="Skill_SnowFall.cpp">
      <Filter>Skill\13. SnowFall</Filter>
    </ClCompile>
    <ClCompile Include="Skill_SnowCrystal.cpp">
      <Filter>Skill\14. SnowCrystal</Filter>
    </ClCompile>
    <ClCompile Include="Skill_BubbleShot.cpp">
      <Filter>Skill\15. BubbleShot</Filter>
    </ClCompile>
    <ClCompile Include="Skill_AccelWater.cpp">
      <Filter>Skill\16. AccelWater</Filter>
    </ClCompile>
    <ClCompile Include="Skill_Quake.cpp">
      <Filter>Skill\20. Quake</Filter>
    </ClCompile>
    <ClCompile Include="Skill_FireWallWave.cpp">
      <Filter>Skill\21. FireWallWave</Filter>
    </ClCompile>
    <ClCompile Include="Skill_FireBlast.cpp">
      <Filter>Skill\22. FireBlast</Filter>
    </ClCompile>
    <ClCompile Include="Bullet_Quake.cpp">
      <Filter>GameObject\Bullet\20. Quake</Filter>
    </ClCompile>
    <ClCompile Include="Bullet_FireWallWave.cpp">
      <Filter>GameObject\Bullet\21. FireWallWave</Filter>
    </ClCompile>
    <ClCompile Include="Bullet_FireBlast.cpp">
      <Filter>GameObject\Bullet\22. FireBlast</Filter>
    </ClCompile>
    <ClCompile Include="Skill_Meteor.cpp">
      <Filter>Skill\19. Meteor</Filter>
    </ClCompile>
    <ClCompile Include="Bullet_ReverseHealBubble.cpp">
      <Filter>GameObject\Bullet\23. ReverseHealBubble</Filter>
    </ClCompile>
    <ClCompile Include="Skill_ReverseHealBubble.cpp">
      <Filter>Skill\23. ReverseHealBubble</Filter>
    </ClCompile>
    <ClCompile Include="Skill_MiniRush.cpp">
      <Filter>Skill\24. MiniRush</Filter>
    </ClCompile>
    <ClCompile Include="SelectScene.cpp">
      <Filter>Scene</Filter>
    </ClCompile>
    <ClCompile Include="Meteor.cpp">
      <Filter>GameObject\Bullet\19. Meteor</Filter>
    </ClCompile>
    <ClCompile Include="Wartortle.cpp">
      <Filter>GameObject\Character\Water\008. Wartortle</Filter>
    </ClCompile>
    <ClCompile Include="Bullet_WaterFlow.cpp">
      <Filter>GameObject\Bullet\25. WaterFlow</Filter>
    </ClCompile>
    <ClCompile Include="Bullet_WaterBomb.cpp">
      <Filter>GameObject\Bullet\26. WaterBomb</Filter>
    </ClCompile>
    <ClCompile Include="Skill_WaterFlow.cpp">
      <Filter>Skill\25. WaterFlow</Filter>
    </ClCompile>
    <ClCompile Include="Skill_WaterBomb.cpp">
      <Filter>Skill\26. WaterBomb</Filter>
    </ClCompile>
    <ClCompile Include="Skill_Tsunami.cpp">
      <Filter>Skill\27. Tsunami</Filter>
    </ClCompile>
    <ClCompile Include="Bullet_Tsunami.cpp">
      <Filter>GameObject\Bullet\27. Tsunami</Filter>
    </ClCompile>
    <ClCompile Include="Stage_Fire_Boss.cpp">
      <Filter>Scene\Fire</Filter>
    </ClCompile>
    <ClCompile Include="Skill_ShellAttack.cpp">
      <Filter>Skill\28. ShellAttack</Filter>
    </ClCompile>
    <ClCompile Include="Skill_LeechSeed.cpp">
      <Filter>Skill\29. LeechSeed</Filter>
    </ClCompile>
    <ClCompile Include="Skill_PetalBlizzard.cpp">
      <Filter>Skill\30. PetalBlizzard</Filter>
    </ClCompile>
    <ClCompile Include="Skill_ClawBlast.cpp">
      <Filter>Skill\31. ClawBlast</Filter>
    </ClCompile>
    <ClCompile Include="Bullet_ShortWaterFlow.cpp">
      <Filter>GameObject\Bullet\31. ShortWaterFlow</Filter>
    </ClCompile>
    <ClCompile Include="Bullet_FireShot.cpp">
      <Filter>GameObject\Bullet\34. FireShot</Filter>
    </ClCompile>
    <ClCompile Include="Skill_FireShot.cpp">
      <Filter>Skill\34. FireShot</Filter>
    </ClCompile>
    <ClCompile Include="Skill_FireBomb.cpp">
      <Filter>Skill\33. FireBomb</Filter>
    </ClCompile>
    <ClCompile Include="Bullet_FireBomb.cpp">
      <Filter>GameObject\Bullet\33. FireBomb</Filter>
    </ClCompile>
    <ClCompile Include="Skill_FireXCrossBomb.cpp">
      <Filter>Skill\36. FireXCrossBomb</Filter>
    </ClCompile>
    <ClCompile Include="Bullet_FireMiniBomb.cpp">
      <Filter>GameObject\Bullet\36. FireMiniBomb</Filter>
    </ClCompile>
    <ClCompile Include="LeechSeed.cpp">
      <Filter>GameObject\Bullet\29. LeechSeed</Filter>
    </ClCompile>
    <ClCompile Include="PetalBlizzard.cpp">
      <Filter>GameObject\Bullet\30. PetalBlizzard</Filter>
    </ClCompile>
    <ClCompile Include="Skill_Synthesis.cpp">
      <Filter>Skill\32. Synthesis</Filter>
    </ClCompile>
    <ClCompile Include="Bullet_Synthesis.cpp">
      <Filter>GameObject\Bullet\32.Synthesis</Filter>
    </ClCompile>
    <ClCompile Include="Inventory.cpp">
      <Filter>GameObject\UI\Inventory</Filter>
    </ClCompile>
    <ClCompile Include="Item.cpp">
      <Filter>GameObject\Item</Filter>
    </ClCompile>
    <ClCompile Include="Stage_Town.cpp">
      <Filter>Scene\Town</Filter>
    </ClCompile>
    <ClCompile Include="Skill_RedBall.cpp">
      <Filter>Skill\35. RedBall</Filter>
    </ClCompile>
    <ClCompile Include="Bullet_RedBall.cpp">
      <Filter>GameObject\Bullet\35. RedBall</Filter>
    </ClCompile>
    <ClCompile Include="Skill_Explosion.cpp">
      <Filter>Skill\37. Explosion</Filter>
    </ClCompile>
    <ClCompile Include="Bullet_Explosion.cpp">
      <Filter>GameObject\Bullet\37. Explosion</Filter>
    </ClCompile>
    <ClCompile Include="Ditto.cpp">
      <Filter>GameObject\Character\Ditto</Filter>
    </ClCompile>
    <ClCompile Include="Item_Tomato.cpp">
      <Filter>GameObject\Item</Filter>
    </ClCompile>
    <ClCompile Include="Slot.cpp">
      <Filter>GameObject\UI\Inventory</Filter>
    </ClCompile>
    <ClCompile Include="Coin.cpp">
      <Filter>GameObject\Coin</Filter>
    </ClCompile>
    <ClCompile Include="Item_BlueBerry.cpp">
      <Filter>GameObject\Item</Filter>
    </ClCompile>
    <ClCompile Include="Item_Clam.cpp">
      <Filter>GameObject\Item</Filter>
    </ClCompile>
    <ClCompile Include="Item_ExpPotion.cpp">
      <Filter>GameObject\Item</Filter>
    </ClCompile>
    <ClCompile Include="Item_Gaji.cpp">
      <Filter>GameObject\Item</Filter>
    </ClCompile>
    <ClCompile Include="Item_Grape.cpp">
      <Filter>GameObject\Item</Filter>
    </ClCompile>
    <ClCompile Include="Item_GreatBall.cpp">
      <Filter>GameObject\Item</Filter>
    </ClCompile>
    <ClCompile Include="Item_HpPotion.cpp">
      <Filter>GameObject\Item</Filter>
    </ClCompile>
    <ClCompile Include="Item_Lemon.cpp">
      <Filter>GameObject\Item</Filter>
    </ClCompile>
    <ClCompile Include="Item_MasterBall.cpp">
      <Filter>GameObject\Item</Filter>
    </ClCompile>
    <ClCompile Include="Item_Pear.cpp">
      <Filter>GameObject\Item</Filter>
    </ClCompile>
    <ClCompile Include="Item_PokeBall.cpp">
      <Filter>GameObject\Item</Filter>
    </ClCompile>
    <ClCompile Include="Item_StoneOfAwake.cpp">
      <Filter>GameObject\Item</Filter>
    </ClCompile>
    <ClCompile Include="Item_StoneOfDark.cpp">
      <Filter>GameObject\Item</Filter>
    </ClCompile>
    <ClCompile Include="Item_StoneOfFire.cpp">
      <Filter>GameObject\Item</Filter>
    </ClCompile>
    <ClCompile Include="Item_StoneOfLeaf.cpp">
      <Filter>GameObject\Item</Filter>
    </ClCompile>
    <ClCompile Include="Item_StoneOfLight.cpp">
      <Filter>GameObject\Item</Filter>
    </ClCompile>
    <ClCompile Include="Item_StoneOfMoon.cpp">
      <Filter>GameObject\Item</Filter>
    </ClCompile>
    <ClCompile Include="Item_StoneOfSun.cpp">
      <Filter>GameObject\Item</Filter>
    </ClCompile>
    <ClCompile Include="Item_StoneOfThunder.cpp">
      <Filter>GameObject\Item</Filter>
    </ClCompile>
    <ClCompile Include="Item_StoneOfWater.cpp">
      <Filter>GameObject\Item</Filter>
    </ClCompile>
    <ClCompile Include="Item_UltraBall.cpp">
      <Filter>GameObject\Item</Filter>
    </ClCompile>
    <ClCompile Include="QuestManager.cpp">
      <Filter>Quest</Filter>
    </ClCompile>
    <ClCompile Include="NPC.cpp">
      <Filter>GameObject\NPC</Filter>
    </ClCompile>
    <ClCompile Include="ItemInfoPanel.cpp">
      <Filter>GameObject\UI</Filter>
    </ClCompile>
    <ClCompile Include="Dialog.cpp">
      <Filter>GameObject\NPC</Filter>
    </ClCompile>
    <ClCompile Include="NPC_DoctorOh.cpp">
      <Filter>GameObject\NPC</Filter>
    </ClCompile>
    <ClCompile Include="NPC_Celebi.cpp">
      <Filter>GameObject\NPC</Filter>
    </ClCompile>
    <ClCompile Include="Stage_Opening.cpp">
      <Filter>Scene\Opening</Filter>
    </ClCompile>
    <ClCompile Include="Stage_Tutorial.cpp">
      <Filter>Scene\Tutorial</Filter>
    </ClCompile>
  </ItemGroup>
  <ItemGroup>
    <Image Include="D3DFramework.ico">
      <Filter>99. Defaults</Filter>
    </Image>
    <Image Include="small.ico">
      <Filter>99. Defaults</Filter>
    </Image>
  </ItemGroup>
  <ItemGroup>
    <ResourceCompile Include="D3DFramework.rc">
      <Filter>99. Defaults</Filter>
    </ResourceCompile>
  </ItemGroup>
</Project>